
Microsoft Visual Studio Solution File, Format Version 12.00
# Visual Studio 15
VisualStudioVersion = 15.0.28307.757
MinimumVisualStudioVersion = 10.0.40219.1
Project("{8BC9CEB8-8B4A-11D0-8D11-00A0C91BC942}") = "Sol_01_Hyun", "Sol_01_Hyun.vcxproj", "{7610B727-10FF-41C4-8ED9-1A7B4CE7035F}"
EndProject
Global
	GlobalSection(SolutionConfigurationPlatforms) = preSolution
		Debug|x64 = Debug|x64
		Debug|x86 = Debug|x86
		Release|x64 = Release|x64
		Release|x86 = Release|x86
	EndGlobalSection
	GlobalSection(ProjectConfigurationPlatforms) = postSolution
		{7610B727-10FF-41C4-8ED9-1A7B4CE7035F}.Debug|x64.ActiveCfg = Debug|x64
		{7610B727-10FF-41C4-8ED9-1A7B4CE7035F}.Debug|x64.Build.0 = Debug|x64
		{7610B727-10FF-41C4-8ED9-1A7B4CE7035F}.Debug|x86.ActiveCfg = Debug|Win32
		{7610B727-10FF-41C4-8ED9-1A7B4CE7035F}.Debug|x86.Build.0 = Debug|Win32
		{7610B727-10FF-41C4-8ED9-1A7B4CE7035F}.Release|x64.ActiveCfg = Release|x64
		{7610B727-10FF-41C4-8ED9-1A7B4CE7035F}.Release|x64.Build.0 = Release|x64
		{7610B727-10FF-41C4-8ED9-1A7B4CE7035F}.Release|x86.ActiveCfg = Release|Win32
		{7610B727-10FF-41C4-8ED9-1A7B4CE7035F}.Release|x86.Build.0 = Release|Win32
	EndGlobalSection
	GlobalSection(SolutionProperties) = preSolution
		HideSolutionNode = FALSE
	EndGlobalSection
	GlobalSection(ExtensibilityGlobals) = postSolution
		SolutionGuid = {DF9AD4A9-5878-4C70-A399-92516676619B}
	EndGlobalSection
EndGlobal
